
Microsoft Visual Studio Solution File, Format Version 12.00
# Visual Studio Version 16
VisualStudioVersion = 16.0.32126.315
MinimumVisualStudioVersion = 10.0.40219.1
Project("{FAE04EC0-301F-11D3-BF4B-00C04F79EFBC}") = "ConsoleApp1", "ConsoleApp1\ConsoleApp1.csproj", "{58F31B80-6AF3-48C1-BDAE-9C901CDA8FEC}"
EndProject
Global
	GlobalSection(SolutionConfigurationPlatforms) = preSolution
		Debug|Any CPU = Debug|Any CPU
		Release|Any CPU = Release|Any CPU
	EndGlobalSection
	GlobalSection(ProjectConfigurationPlatforms) = postSolution
		{58F31B80-6AF3-48C1-BDAE-9C901CDA8FEC}.Debug|Any CPU.ActiveCfg = Debug|Any CPU
		{58F31B80-6AF3-48C1-BDAE-9C901CDA8FEC}.Debug|Any CPU.Build.0 = Debug|Any CPU
		{58F31B80-6AF3-48C1-BDAE-9C901CDA8FEC}.Release|Any CPU.ActiveCfg = Release|Any CPU
		{58F31B80-6AF3-48C1-BDAE-9C901CDA8FEC}.Release|Any CPU.Build.0 = Release|Any CPU
	EndGlobalSection
	GlobalSection(SolutionProperties) = preSolution
		HideSolutionNode = FALSE
	EndGlobalSection
	GlobalSection(ExtensibilityGlobals) = postSolution
		SolutionGuid = {C6977419-6829-4300-BC65-50D10345114C}
	EndGlobalSection
EndGlobal
